
Microsoft Visual Studio Solution File, Format Version 12.00
# Visual Studio 2013
VisualStudioVersion = 12.0.40629.0
MinimumVisualStudioVersion = 10.0.40219.1
Project("{FAE04EC0-301F-11D3-BF4B-00C04F79EFBC}") = "CTS", "CTS\CTS.csproj", "{8C169F1E-ADE2-4C00-BB30-74C74DFE9197}"
EndProject
Project("{FAE04EC0-301F-11D3-BF4B-00C04F79EFBC}") = "CTS.BAL", "CTS.BAL\CTS.BAL.csproj", "{5CDC7630-446B-40AA-926F-66A6731734FF}"
EndProject
Project("{FAE04EC0-301F-11D3-BF4B-00C04F79EFBC}") = "CTS.DAL", "CTS.DAL\CTS.DAL.csproj", "{C68AD446-0834-4340-91B0-7CF3E676AA9A}"
EndProject
Project("{FAE04EC0-301F-11D3-BF4B-00C04F79EFBC}") = "CTS.Models", "CTS.Model\CTS.Models.csproj", "{9924D7B6-2506-47BE-AC6D-B5F39F06E286}"
EndProject
Global
	GlobalSection(SolutionConfigurationPlatforms) = preSolution
		Debug|Any CPU = Debug|Any CPU
		Release|Any CPU = Release|Any CPU
	EndGlobalSection
	GlobalSection(ProjectConfigurationPlatforms) = postSolution
		{8C169F1E-ADE2-4C00-BB30-74C74DFE9197}.Debug|Any CPU.ActiveCfg = Debug|Any CPU
		{8C169F1E-ADE2-4C00-BB30-74C74DFE9197}.Debug|Any CPU.Build.0 = Debug|Any CPU
		{8C169F1E-ADE2-4C00-BB30-74C74DFE9197}.Release|Any CPU.ActiveCfg = Release|Any CPU
		{8C169F1E-ADE2-4C00-BB30-74C74DFE9197}.Release|Any CPU.Build.0 = Release|Any CPU
		{5CDC7630-446B-40AA-926F-66A6731734FF}.Debug|Any CPU.ActiveCfg = Debug|Any CPU
		{5CDC7630-446B-40AA-926F-66A6731734FF}.Debug|Any CPU.Build.0 = Debug|Any CPU
		{5CDC7630-446B-40AA-926F-66A6731734FF}.Release|Any CPU.ActiveCfg = Release|Any CPU
		{5CDC7630-446B-40AA-926F-66A6731734FF}.Release|Any CPU.Build.0 = Release|Any CPU
		{C68AD446-0834-4340-91B0-7CF3E676AA9A}.Debug|Any CPU.ActiveCfg = Debug|Any CPU
		{C68AD446-0834-4340-91B0-7CF3E676AA9A}.Debug|Any CPU.Build.0 = Debug|Any CPU
		{C68AD446-0834-4340-91B0-7CF3E676AA9A}.Release|Any CPU.ActiveCfg = Release|Any CPU
		{C68AD446-0834-4340-91B0-7CF3E676AA9A}.Release|Any CPU.Build.0 = Release|Any CPU
		{9924D7B6-2506-47BE-AC6D-B5F39F06E286}.Debug|Any CPU.ActiveCfg = Debug|Any CPU
		{9924D7B6-2506-47BE-AC6D-B5F39F06E286}.Debug|Any CPU.Build.0 = Debug|Any CPU
		{9924D7B6-2506-47BE-AC6D-B5F39F06E286}.Release|Any CPU.ActiveCfg = Release|Any CPU
		{9924D7B6-2506-47BE-AC6D-B5F39F06E286}.Release|Any CPU.Build.0 = Release|Any CPU
	EndGlobalSection
	GlobalSection(SolutionProperties) = preSolution
		HideSolutionNode = FALSE
	EndGlobalSection
EndGlobal
